
Microsoft Visual Studio Solution File, Format Version 12.00
# Visual Studio Version 16
VisualStudioVersion = 25.0.1700.6
MinimumVisualStudioVersion = 10.0.40219.1
Project("{FAE04EC0-301F-11D3-BF4B-00C04F79EFBC}") = "TaskManager.WebApi", "TaskManager.WebApi\TaskManager.WebApi.csproj", "{1DE2C438-BFEF-47A0-A1EB-9182F934301F}"
EndProject
Project("{FAE04EC0-301F-11D3-BF4B-00C04F79EFBC}") = "TaskManager.DTO", "TaskManager.DTO\TaskManager.DTO.csproj", "{125AEA0D-29AE-4F6F-980F-D7E2F2D8EEEA}"
EndProject
Project("{FAE04EC0-301F-11D3-BF4B-00C04F79EFBC}") = "TaskManager.IBusinessLogic", "TaskManager.IBusinessLogic\TaskManager.IBusinessLogic.csproj", "{AC871551-415E-4C9E-8A5C-A6C2CFA4DD44}"
EndProject
Project("{FAE04EC0-301F-11D3-BF4B-00C04F79EFBC}") = "TaskManager.BusinessLogic", "TaskManager.BusinessLogic\TaskManager.BusinessLogic.csproj", "{77BAB4B9-6C14-47BB-BAE2-7D999D905911}"
EndProject
Project("{FAE04EC0-301F-11D3-BF4B-00C04F79EFBC}") = "TaskManager.Domain", "TaskManager.Domain\TaskManager.Domain.csproj", "{7154C9FD-1CD4-4234-A4EC-F0124CADEA9C}"
EndProject
Project("{FAE04EC0-301F-11D3-BF4B-00C04F79EFBC}") = "TaskManager.Exceptions", "TaskManager.Exceptions\TaskManager.Exceptions.csproj", "{4B94AABF-4CFD-4AE0-BDE1-0DAE52B1BA5D}"
EndProject
Project("{FAE04EC0-301F-11D3-BF4B-00C04F79EFBC}") = "TaskManager.IDataAccess", "TaskManager.IDataAccess\TaskManager.IDataAccess.csproj", "{61AFC1DA-387E-4C67-9974-16A204BAEC39}"
EndProject
Project("{FAE04EC0-301F-11D3-BF4B-00C04F79EFBC}") = "TaskManager.Validators", "TaskManager.Validators\TaskManager.Validators.csproj", "{C8BBF90A-47F2-41E6-8B67-60698AC3E40C}"
EndProject
Project("{FAE04EC0-301F-11D3-BF4B-00C04F79EFBC}") = "TaskManager.DataAccess", "TaskManager.DataAccess\TaskManager.DataAccess.csproj", "{848822FE-A22F-4DF1-9394-7B630D867868}"
EndProject
Global
	GlobalSection(SolutionConfigurationPlatforms) = preSolution
		Debug|Any CPU = Debug|Any CPU
		Release|Any CPU = Release|Any CPU
	EndGlobalSection
	GlobalSection(ProjectConfigurationPlatforms) = postSolution
		{1DE2C438-BFEF-47A0-A1EB-9182F934301F}.Debug|Any CPU.ActiveCfg = Debug|Any CPU
		{1DE2C438-BFEF-47A0-A1EB-9182F934301F}.Debug|Any CPU.Build.0 = Debug|Any CPU
		{1DE2C438-BFEF-47A0-A1EB-9182F934301F}.Release|Any CPU.ActiveCfg = Release|Any CPU
		{1DE2C438-BFEF-47A0-A1EB-9182F934301F}.Release|Any CPU.Build.0 = Release|Any CPU
		{125AEA0D-29AE-4F6F-980F-D7E2F2D8EEEA}.Debug|Any CPU.ActiveCfg = Debug|Any CPU
		{125AEA0D-29AE-4F6F-980F-D7E2F2D8EEEA}.Debug|Any CPU.Build.0 = Debug|Any CPU
		{125AEA0D-29AE-4F6F-980F-D7E2F2D8EEEA}.Release|Any CPU.ActiveCfg = Release|Any CPU
		{125AEA0D-29AE-4F6F-980F-D7E2F2D8EEEA}.Release|Any CPU.Build.0 = Release|Any CPU
		{AC871551-415E-4C9E-8A5C-A6C2CFA4DD44}.Debug|Any CPU.ActiveCfg = Debug|Any CPU
		{AC871551-415E-4C9E-8A5C-A6C2CFA4DD44}.Debug|Any CPU.Build.0 = Debug|Any CPU
		{AC871551-415E-4C9E-8A5C-A6C2CFA4DD44}.Release|Any CPU.ActiveCfg = Release|Any CPU
		{AC871551-415E-4C9E-8A5C-A6C2CFA4DD44}.Release|Any CPU.Build.0 = Release|Any CPU
		{77BAB4B9-6C14-47BB-BAE2-7D999D905911}.Debug|Any CPU.ActiveCfg = Debug|Any CPU
		{77BAB4B9-6C14-47BB-BAE2-7D999D905911}.Debug|Any CPU.Build.0 = Debug|Any CPU
		{77BAB4B9-6C14-47BB-BAE2-7D999D905911}.Release|Any CPU.ActiveCfg = Release|Any CPU
		{77BAB4B9-6C14-47BB-BAE2-7D999D905911}.Release|Any CPU.Build.0 = Release|Any CPU
		{7154C9FD-1CD4-4234-A4EC-F0124CADEA9C}.Debug|Any CPU.ActiveCfg = Debug|Any CPU
		{7154C9FD-1CD4-4234-A4EC-F0124CADEA9C}.Debug|Any CPU.Build.0 = Debug|Any CPU
		{7154C9FD-1CD4-4234-A4EC-F0124CADEA9C}.Release|Any CPU.ActiveCfg = Release|Any CPU
		{7154C9FD-1CD4-4234-A4EC-F0124CADEA9C}.Release|Any CPU.Build.0 = Release|Any CPU
		{4B94AABF-4CFD-4AE0-BDE1-0DAE52B1BA5D}.Debug|Any CPU.ActiveCfg = Debug|Any CPU
		{4B94AABF-4CFD-4AE0-BDE1-0DAE52B1BA5D}.Debug|Any CPU.Build.0 = Debug|Any CPU
		{4B94AABF-4CFD-4AE0-BDE1-0DAE52B1BA5D}.Release|Any CPU.ActiveCfg = Release|Any CPU
		{4B94AABF-4CFD-4AE0-BDE1-0DAE52B1BA5D}.Release|Any CPU.Build.0 = Release|Any CPU
		{61AFC1DA-387E-4C67-9974-16A204BAEC39}.Debug|Any CPU.ActiveCfg = Debug|Any CPU
		{61AFC1DA-387E-4C67-9974-16A204BAEC39}.Debug|Any CPU.Build.0 = Debug|Any CPU
		{61AFC1DA-387E-4C67-9974-16A204BAEC39}.Release|Any CPU.ActiveCfg = Release|Any CPU
		{61AFC1DA-387E-4C67-9974-16A204BAEC39}.Release|Any CPU.Build.0 = Release|Any CPU
		{C8BBF90A-47F2-41E6-8B67-60698AC3E40C}.Debug|Any CPU.ActiveCfg = Debug|Any CPU
		{C8BBF90A-47F2-41E6-8B67-60698AC3E40C}.Debug|Any CPU.Build.0 = Debug|Any CPU
		{C8BBF90A-47F2-41E6-8B67-60698AC3E40C}.Release|Any CPU.ActiveCfg = Release|Any CPU
		{C8BBF90A-47F2-41E6-8B67-60698AC3E40C}.Release|Any CPU.Build.0 = Release|Any CPU
		{848822FE-A22F-4DF1-9394-7B630D867868}.Debug|Any CPU.ActiveCfg = Debug|Any CPU
		{848822FE-A22F-4DF1-9394-7B630D867868}.Debug|Any CPU.Build.0 = Debug|Any CPU
		{848822FE-A22F-4DF1-9394-7B630D867868}.Release|Any CPU.ActiveCfg = Release|Any CPU
		{848822FE-A22F-4DF1-9394-7B630D867868}.Release|Any CPU.Build.0 = Release|Any CPU
	EndGlobalSection
	GlobalSection(SolutionProperties) = preSolution
		HideSolutionNode = FALSE
	EndGlobalSection
	GlobalSection(ExtensibilityGlobals) = postSolution
		SolutionGuid = {2913AB84-00BA-4746-84C1-7C6F2AEC83E0}
	EndGlobalSection
EndGlobal
